{
  "name": "test-backport",
  "version": "1.0.0",
  "lockfileVersion": 1,
  "requires": true,
  "dependencies": {
    "@types/estree": {
      "version": "0.0.45",
      "resolved": "https://registry.npmjs.org/@types/estree/-/estree-0.0.45.tgz",
      "integrity": "sha512-jnqIUKDUqJbDIUxm0Uj7bnlMnRm1T/eZ9N+AVMqhPgzrba2GhGG5o/jCTwmdPK709nEZsGoMzXEDUjcXHa3W0g=="
    },
    "@types/node": {
      "version": "14.6.3",
      "resolved": "https://registry.npmjs.org/@types/node/-/node-14.6.3.tgz",
      "integrity": "sha512-pC/hkcREG6YfDfui1FBmj8e20jFU5Exjw4NYDm8kEdrW+mOh0T1Zve8DWKnS7ZIZvgncrctcNCXF4Q2I+loyww=="
    },
    "acorn": {
      "version": "7.4.0",
      "resolved": "https://registry.npmjs.org/acorn/-/acorn-7.4.0.tgz",
      "integrity": "sha512-+G7P8jJmCHr+S+cLfQxygbWhXy+8YTVGzAkpEbcLo2mLoL7tij/VG41QSHACSf5QgYRhMZYHuNc6drJaO0Da+w=="
    },
    "rollup": {
      "version": "1.32.1",
      "resolved": "https://registry.npmjs.org/rollup/-/rollup-1.32.1.tgz",
      "integrity": "sha512-/2HA0Ec70TvQnXdzynFffkjA6XN+1e2pEv/uKS5Ulca40g2L7KuOE3riasHoNVHOsFD5KKZgDsMk1CP3Tw9s+A==",
      "requires": {
        "@types/estree": "*",
        "@types/node": "*",
        "acorn": "^7.1.0"
      }
    }
  }
}
